
Microsoft Visual Studio Solution File, Format Version 12.00
# Visual Studio Version 17
VisualStudioVersion = 17.5.002.0
MinimumVisualStudioVersion = 10.0.40219.1
Project("{9A19103F-16F7-4668-BE54-9A1E7A4F7556}") = "contosso_pizza", "contosso_pizza.csproj", "{A4B97BD1-5B32-42AC-B296-50EA4717260E}"
EndProject
Global
	GlobalSection(SolutionConfigurationPlatforms) = preSolution
		Debug|Any CPU = Debug|Any CPU
		Release|Any CPU = Release|Any CPU
	EndGlobalSection
	GlobalSection(ProjectConfigurationPlatforms) = postSolution
		{A4B97BD1-5B32-42AC-B296-50EA4717260E}.Debug|Any CPU.ActiveCfg = Debug|Any CPU
		{A4B97BD1-5B32-42AC-B296-50EA4717260E}.Debug|Any CPU.Build.0 = Debug|Any CPU
		{A4B97BD1-5B32-42AC-B296-50EA4717260E}.Release|Any CPU.ActiveCfg = Release|Any CPU
		{A4B97BD1-5B32-42AC-B296-50EA4717260E}.Release|Any CPU.Build.0 = Release|Any CPU
	EndGlobalSection
	GlobalSection(SolutionProperties) = preSolution
		HideSolutionNode = FALSE
	EndGlobalSection
	GlobalSection(ExtensibilityGlobals) = postSolution
		SolutionGuid = {E9B8653E-D8F6-4813-A679-00446E5F6905}
	EndGlobalSection
EndGlobal
